// !$*UTF8*$!
{
	archiveVersion = 1;
	classes = {
	};
	objectVersion = 50;
	objects = {

/* Begin PBXBuildFile section */
		497777A7239D503F00F683B2 /* AppDelegate.swift in Sources */ = {isa = PBXBuildFile; fileRef = 497777A6239D503F00F683B2 /* AppDelegate.swift */; };
		497777A9239D503F00F683B2 /* SceneDelegate.swift in Sources */ = {isa = PBXBuildFile; fileRef = 497777A8239D503F00F683B2 /* SceneDelegate.swift */; };
		497777AB239D503F00F683B2 /* ViewController.swift in Sources */ = {isa = PBXBuildFile; fileRef = 497777AA239D503F00F683B2 /* ViewController.swift */; };
		497777AE239D503F00F683B2 /* Main.storyboard in Resources */ = {isa = PBXBuildFile; fileRef = 497777AC239D503F00F683B2 /* Main.storyboard */; };
		497777B0239D504200F683B2 /* Assets.xcassets in Resources */ = {isa = PBXBuildFile; fileRef = 497777AF239D504200F683B2 /* Assets.xcassets */; };
		497777B3239D504200F683B2 /* LaunchScreen.storyboard in Resources */ = {isa = PBXBuildFile; fileRef = 497777B1239D504200F683B2 /* LaunchScreen.storyboard */; };
		497777BC239D523A00F683B2 /* AudioToolbox.framework in Frameworks */ = {isa = PBXBuildFile; fileRef = 497777BB239D523A00F683B2 /* AudioToolbox.framework */; };
		497777C8239D5E3300F683B2 /* custom.mp3 in Resources */ = {isa = PBXBuildFile; fileRef = 497777C7239D5E3300F683B2 /* custom.mp3 */; };
/* End PBXBuildFile section */

/* Begin PBXFileReference section */
		497777A3239D503F00F683B2 /* SampleQuiz.app */ = {isa = PBXFileReference; explicitFileType = wrapper.application; includeInIndex = 0; path = SampleQuiz.app; sourceTree = BUILT_PRODUCTS_DIR; };
		497777A6239D503F00F683B2 /* AppDelegate.swift */ = {isa = PBXFileReference; lastKnownFileType = sourcecode.swift; path = AppDelegate.swift; sourceTree = "<group>"; };
		497777A8239D503F00F683B2 /* SceneDelegate.swift */ = {isa = PBXFileReference; lastKnownFileType = sourcecode.swift; path = SceneDelegate.swift; sourceTree = "<group>"; };
		497777AA239D503F00F683B2 /* ViewController.swift */ = {isa = PBXFileReference; lastKnownFileType = sourcecode.swift; path = ViewController.swift; sourceTree = "<group>"; };
		497777AD239D503F00F683B2 /* Base */ = {isa = PBXFileReference; lastKnownFileType = file.storyboard; name = Base; path = Base.lproj/Main.storyboard; sourceTree = "<group>"; };
		497777AF239D504200F683B2 /* Assets.xcassets */ = {isa = PBXFileReference; lastKnownFileType = folder.assetcatalog; path = Assets.xcassets; sourceTree = "<group>"; };
		497777B2239D504200F683B2 /* Base */ = {isa = PBXFileReference; lastKnownFileType = file.storyboard; name = Base; path = Base.lproj/LaunchScreen.storyboard; sourceTree = "<group>"; };
		497777B4239D504200F683B2 /* Info.plist */ = {isa = PBXFileReference; lastKnownFileType = text.plist.xml; path = Info.plist; sourceTree = "<group>"; };
		497777BB239D523A00F683B2 /* AudioToolbox.framework */ = {isa = PBXFileReference; lastKnownFileType = wrapper.framework; name = AudioToolbox.framework; path = System/Library/Frameworks/AudioToolbox.framework; sourceTree = SDKROOT; };
		497777C7239D5E3300F683B2 /* custom.mp3 */ = {isa = PBXFileReference; lastKnownFileType = audio.mp3; path = custom.mp3; sourceTree = "<group>"; };
/* End PBXFileReference section */

/* Begin PBXFrameworksBuildPhase section */
		497777A0239D503F00F683B2 /* Frameworks */ = {
			isa = PBXFrameworksBuildPhase;
			buildActionMask = 2147483647;
			files = (
				497777BC239D523A00F683B2 /* AudioToolbox.framework in Frameworks */,
			);
			runOnlyForDeploymentPostprocessing = 0;
		};
/* End PBXFrameworksBuildPhase section */

/* Begin PBXGroup section */
		4977779A239D503F00F683B2 = {
			isa = PBXGroup;
			children = (
				497777A5239D503F00F683B2 /* SampleQuiz */,
				497777A4239D503F00F683B2 /* Products */,
				497777BA239D523A00F683B2 /* Frameworks */,
			);
			sourceTree = "<group>";
		};
		497777A4239D503F00F683B2 /* Products */ = {
			isa = PBXGroup;
			children = (
				497777A3239D503F00F683B2 /* SampleQuiz.app */,
			);
			name = Products;
			sourceTree = "<group>";
		};
		497777A5239D503F00F683B2 /* SampleQuiz */ = {
			isa = PBXGroup;
			children = (
				497777C7239D5E3300F683B2 /* custom.mp3 */,
				497777A6239D503F00F683B2 /* AppDelegate.swift */,
				497777A8239D503F00F683B2 /* SceneDelegate.swift */,
				497777AA239D503F00F683B2 /* ViewController.swift */,
				497777AC239D503F00F683B2 /* Main.storyboard */,
				497777AF239D504200F683B2 /* Assets.xcassets */,
				497777B1239D504200F683B2 /* LaunchScreen.storyboard */,
				497777B4239D504200F683B2 /* Info.plist */,
			);
			path = SampleQuiz;
			sourceTree = "<group>";
		};
		497777BA239D523A00F683B2 /* Frameworks */ = {
			isa = PBXGroup;
			children = (
				497777BB239D523A00F683B2 /* AudioToolbox.framework */,
			);
			name = Frameworks;
			sourceTree = "<group>";
		};
/* End PBXGroup section */

/* Begin PBXNativeTarget section */
		497777A2239D503F00F683B2 /* SampleQuiz */ = {
			isa = PBXNativeTarget;
			buildConfigurationList = 497777B7239D504200F683B2 /* Build configuration list for PBXNativeTarget "SampleQuiz" */;
			buildPhases = (
				4977779F239D503F00F683B2 /* Sources */,
				497777A0239D503F00F683B2 /* Frameworks */,
				497777A1239D503F00F683B2 /* Resources */,
			);
			buildRules = (
			);
			dependencies = (
			);
			name = SampleQuiz;
			productName = SampleQuiz;
			productReference = 497777A3239D503F00F683B2 /* SampleQuiz.app */;
			productType = "com.apple.product-type.application";
		};
/* End PBXNativeTarget section */

/* Begin PBXProject section */
		4977779B239D503F00F683B2 /* Project object */ = {
			isa = PBXProject;
			attributes = {
				LastSwiftUpdateCheck = 1120;
				LastUpgradeCheck = 1120;
				ORGANIZATIONNAME = dev.harapeko;
				TargetAttributes = {
					497777A2239D503F00F683B2 = {
						CreatedOnToolsVersion = 11.2.1;
					};
				};
			};
			buildConfigurationList = 4977779E239D503F00F683B2 /* Build configuration list for PBXProject "SampleQuiz" */;
			compatibilityVersion = "Xcode 9.3";
			developmentRegion = en;
			hasScannedForEncodings = 0;
			knownRegions = (
				en,
				Base,
			);
			mainGroup = 4977779A239D503F00F683B2;
			productRefGroup = 497777A4239D503F00F683B2 /* Products */;
			projectDirPath = "";
			projectRoot = "";
			targets = (
				497777A2239D503F00F683B2 /* SampleQuiz */,
			);
		};
/* End PBXProject section */

/* Begin PBXResourcesBuildPhase section */
		497777A1239D503F00F683B2 /* Resources */ = {
			isa = PBXResourcesBuildPhase;
			buildActionMask = 2147483647;
			files = (
				497777B3239D504200F683B2 /* LaunchScreen.storyboard in Resources */,
				497777B0239D504200F683B2 /* Assets.xcassets in Resources */,
				497777AE239D503F00F683B2 /* Main.storyboard in Resources */,
				497777C8239D5E3300F683B2 /* custom.mp3 in Resources */,
			);
			runOnlyForDeploymentPostprocessing = 0;
		};
/* End PBXResourcesBuildPhase section */

/* Begin PBXSourcesBuildPhase section */
		4977779F239D503F00F683B2 /* Sources */ = {
			isa = PBXSourcesBuildPhase;
			buildActionMask = 2147483647;
			files = (
				497777AB239D503F00F683B2 /* ViewController.swift in Sources */,
				497777A7239D503F00F683B2 /* AppDelegate.swift in Sources */,
				497777A9239D503F00F683B2 /* SceneDelegate.swift in Sources */,
			);
			runOnlyForDeploymentPostprocessing = 0;
		};
/* End PBXSourcesBuildPhase section */

/* Begin PBXVariantGroup section */
		497777AC239D503F00F683B2 /* Main.storyboard */ = {
			isa = PBXVariantGroup;
			children = (
				497777AD239D503F00F683B2 /* Base */,
			);
			name = Main.storyboard;
			sourceTree = "<group>";
		};
		497777B1239D504200F683B2 /* LaunchScreen.storyboard */ = {
			isa = PBXVariantGroup;
			children = (
				497777B2239D504200F683B2 /* Base */,
			);
			name = LaunchScreen.storyboard;
			sourceTree = "<group>";
		};
/* End PBXVariantGroup section */

/* Begin XCBuildConfiguration section */
		497777B5239D504200F683B2 /* Debug */ = {
			isa = XCBuildConfiguration;
			buildSettings = {
				ALWAYS_SEARCH_USER_PATHS = NO;
				CLANG_ANALYZER_NONNULL = YES;
				CLANG_ANALYZER_NUMBER_OBJECT_CONVERSION = YES_AGGRESSIVE;
				CLANG_CXX_LANGUAGE_STANDARD = "gnu++14";
				CLANG_CXX_LIBRARY = "libc++";
				CLANG_ENABLE_MODULES = YES;
				CLANG_ENABLE_OBJC_ARC = YES;
				CLANG_ENABLE_OBJC_WEAK = YES;
				CLANG_WARN_BLOCK_CAPTURE_AUTORELEASING = YES;
				CLANG_WARN_BOOL_CONVERSION = YES;
				CLANG_WARN_COMMA = YES;
				CLANG_WARN_CONSTANT_CONVERSION = YES;
				CLANG_WARN_DEPRECATED_OBJC_IMPLEMENTATIONS = YES;
				CLANG_WARN_DIRECT_OBJC_ISA_USAGE = YES_ERROR;
				CLANG_WARN_DOCUMENTATION_COMMENTS = YES;
				CLANG_WARN_EMPTY_BODY = YES;
				CLANG_WARN_ENUM_CONVERSION = YES;
				CLANG_WARN_INFINITE_RECURSION = YES;
				CLANG_WARN_INT_CONVERSION = YES;
				CLANG_WARN_NON_LITERAL_NULL_CONVERSION = YES;
				CLANG_WARN_OBJC_IMPLICIT_RETAIN_SELF = YES;
				CLANG_WARN_OBJC_LITERAL_CONVERSION = YES;
				CLANG_WARN_OBJC_ROOT_CLASS = YES_ERROR;
				CLANG_WARN_RANGE_LOOP_ANALYSIS = YES;
				CLANG_WARN_STRICT_PROTOTYPES = YES;
				CLANG_WARN_SUSPICIOUS_MOVE = YES;
				CLANG_WARN_UNGUARDED_AVAILABILITY = YES_AGGRESSIVE;
				CLANG_WARN_UNREACHABLE_CODE = YES;
				CLANG_WARN__DUPLICATE_METHOD_MATCH = YES;
				COPY_PHASE_STRIP = NO;
				DEBUG_INFORMATION_FORMAT = dwarf;
				ENABLE_STRICT_OBJC_MSGSEND = YES;
				ENABLE_TESTABILITY = YES;
				GCC_C_LANGUAGE_STANDARD = gnu11;
				GCC_DYNAMIC_NO_PIC = NO;
				GCC_NO_COMMON_BLOCKS = YES;
				GCC_OPTIMIZATION_LEVEL = 0;
				GCC_PREPROCESSOR_DEFINITIONS = (
					"DEBUG=1",
					"$(inherited)",
				);
				GCC_WARN_64_TO_32_BIT_CONVERSION = YES;
				GCC_WARN_ABOUT_RETURN_TYPE = YES_ERROR;
				GCC_WARN_UNDECLARED_SELECTOR = YES;
				GCC_WARN_UNINITIALIZED_AUTOS = YES_AGGRESSIVE;
				GCC_WARN_UNUSED_FUNCTION = YES;
				GCC_WARN_UNUSED_VARIABLE = YES;
				IPHONEOS_DEPLOYMENT_TARGET = 13.2;
				MTL_ENABLE_DEBUG_INFO = INCLUDE_SOURCE;
				MTL_FAST_MATH = YES;
				ONLY_ACTIVE_ARCH = YES;
				SDKROOT = iphoneos;
				SWIFT_ACTIVE_COMPILATION_CONDITIONS = DEBUG;
				SWIFT_OPTIMIZATION_LEVEL = "-Onone";
			};
			name = Debug;
		};
		497777B6239D504200F683B2 /* Release */ = {
			isa = XCBuildConfiguration;
			buildSettings = {
				ALWAYS_SEARCH_USER_PATHS = NO;
				CLANG_ANALYZER_NONNULL = YES;
				CLANG_ANALYZER_NUMBER_OBJECT_CONVERSION = YES_AGGRESSIVE;
				CLANG_CXX_LANGUAGE_STANDARD = "gnu++14";
				CLANG_CXX_LIBRARY = "libc++";
				CLANG_ENABLE_MODULES = YES;
				CLANG_ENABLE_OBJC_ARC = YES;
				CLANG_ENABLE_OBJC_WEAK = YES;
				CLANG_WARN_BLOCK_CAPTURE_AUTORELEASING = YES;
				CLANG_WARN_BOOL_CONVERSION = YES;
				CLANG_WARN_COMMA = YES;
				CLANG_WARN_CONSTANT_CONVERSION = YES;
				CLANG_WARN_DEPRECATED_OBJC_IMPLEMENTATIONS = YES;
				CLANG_WARN_DIRECT_OBJC_ISA_USAGE = YES_ERROR;
				CLANG_WARN_DOCUMENTATION_COMMENTS = YES;
				CLANG_WARN_EMPTY_BODY = YES;
				CLANG_WARN_ENUM_CONVERSION = YES;
				CLANG_WARN_INFINITE_RECURSION = YES;
				CLANG_WARN_INT_CONVERSION = YES;
				CLANG_WARN_NON_LITERAL_NULL_CONVERSION = YES;
				CLANG_WARN_OBJC_IMPLICIT_RETAIN_SELF = YES;
				CLANG_WARN_OBJC_LITERAL_CONVERSION = YES;
				CLANG_WARN_OBJC_ROOT_CLASS = YES_ERROR;
				CLANG_WARN_RANGE_LOOP_ANALYSIS = YES;
				CLANG_WARN_STRICT_PROTOTYPES = YES;
				CLANG_WARN_SUSPICIOUS_MOVE = YES;
				CLANG_WARN_UNGUARDED_AVAILABILITY = YES_AGGRESSIVE;
				CLANG_WARN_UNREACHABLE_CODE = YES;
				CLANG_WARN__DUPLICATE_METHOD_MATCH = YES;
				COPY_PHASE_STRIP = NO;
				DEBUG_INFORMATION_FORMAT = "dwarf-with-dsym";
				ENABLE_NS_ASSERTIONS = NO;
				ENABLE_STRICT_OBJC_MSGSEND = YES;
				GCC_C_LANGUAGE_STANDARD = gnu11;
				GCC_NO_COMMON_BLOCKS = YES;
				GCC_WARN_64_TO_32_BIT_CONVERSION = YES;
				GCC_WARN_ABOUT_RETURN_TYPE = YES_ERROR;
				GCC_WARN_UNDECLARED_SELECTOR = YES;
				GCC_WARN_UNINITIALIZED_AUTOS = YES_AGGRESSIVE;
				GCC_WARN_UNUSED_FUNCTION = YES;
				GCC_WARN_UNUSED_VARIABLE = YES;
				IPHONEOS_DEPLOYMENT_TARGET = 13.2;
				MTL_ENABLE_DEBUG_INFO = NO;
				MTL_FAST_MATH = YES;
				SDKROOT = iphoneos;
				SWIFT_COMPILATION_MODE = wholemodule;
				SWIFT_OPTIMIZATION_LEVEL = "-O";
				VALIDATE_PRODUCT = YES;
			};
			name = Release;
		};
		497777B8239D504200F683B2 /* Debug */ = {
			isa = XCBuildConfiguration;
			buildSettings = {
				ASSETCATALOG_COMPILER_APPICON_NAME = AppIcon;
				CODE_SIGN_STYLE = Automatic;
				DEVELOPMENT_TEAM = 6YUAL8Q3Z4;
				INFOPLIST_FILE = SampleQuiz/Info.plist;
				LD_RUNPATH_SEARCH_PATHS = (
					"$(inherited)",
					"@executable_path/Frameworks",
				);
				PRODUCT_BUNDLE_IDENTIFIER = dev.harapeko.SampleQuiz;
				PRODUCT_NAME = "$(TARGET_NAME)";
				SWIFT_VERSION = 5.0;
				TARGETED_DEVICE_FAMILY = "1,2";
			};
			name = Debug;
		};
		497777B9239D504200F683B2 /* Release */ = {
			isa = XCBuildConfiguration;
			buildSettings = {
				ASSETCATALOG_COMPILER_APPICON_NAME = AppIcon;
				CODE_SIGN_STYLE = Automatic;
				DEVELOPMENT_TEAM = 6YUAL8Q3Z4;
				INFOPLIST_FILE = SampleQuiz/Info.plist;
				LD_RUNPATH_SEARCH_PATHS = (
					"$(inherited)",
					"@executable_path/Frameworks",
				);
				PRODUCT_BUNDLE_IDENTIFIER = dev.harapeko.SampleQuiz;
				PRODUCT_NAME = "$(TARGET_NAME)";
				SWIFT_VERSION = 5.0;
				TARGETED_DEVICE_FAMILY = "1,2";
			};
			name = Release;
		};
/* End XCBuildConfiguration section */

/* Begin XCConfigurationList section */
		4977779E239D503F00F683B2 /* Build configuration list for PBXProject "SampleQuiz" */ = {
			isa = XCConfigurationList;
			buildConfigurations = (
				497777B5239D504200F683B2 /* Debug */,
				497777B6239D504200F683B2 /* Release */,
			);
			defaultConfigurationIsVisible = 0;
			defaultConfigurationName = Release;
		};
		497777B7239D504200F683B2 /* Build configuration list for PBXNativeTarget "SampleQuiz" */ = {
			isa = XCConfigurationList;
			buildConfigurations = (
				497777B8239D504200F683B2 /* Debug */,
				497777B9239D504200F683B2 /* Release */,
			);
			defaultConfigurationIsVisible = 0;
			defaultConfigurationName = Release;
		};
/* End XCConfigurationList section */
	};
	rootObject = 4977779B239D503F00F683B2 /* Project object */;
}
