// !$*UTF8*$!
{
	archiveVersion = 1;
	classes = {
	};
	objectVersion = 50;
	objects = {

/* Begin PBXBuildFile section */
		493B36A923AAA2AC00895FCE /* QuestionViewController.swift in Sources */ = {isa = PBXBuildFile; fileRef = 493B36A823AAA2AC00895FCE /* QuestionViewController.swift */; };
		493B36AC23AAA65E00895FCE /* SoundAnalysis.framework in Frameworks */ = {isa = PBXBuildFile; fileRef = 493B36AB23AAA65E00895FCE /* SoundAnalysis.framework */; };
		497777F623A14C5600F683B2 /* AppDelegate.swift in Sources */ = {isa = PBXBuildFile; fileRef = 497777F523A14C5600F683B2 /* AppDelegate.swift */; };
		497777F823A14C5600F683B2 /* SceneDelegate.swift in Sources */ = {isa = PBXBuildFile; fileRef = 497777F723A14C5600F683B2 /* SceneDelegate.swift */; };
		497777FA23A14C5600F683B2 /* ViewController.swift in Sources */ = {isa = PBXBuildFile; fileRef = 497777F923A14C5600F683B2 /* ViewController.swift */; };
		497777FD23A14C5600F683B2 /* Main.storyboard in Resources */ = {isa = PBXBuildFile; fileRef = 497777FB23A14C5600F683B2 /* Main.storyboard */; };
		497777FF23A14C5800F683B2 /* Assets.xcassets in Resources */ = {isa = PBXBuildFile; fileRef = 497777FE23A14C5800F683B2 /* Assets.xcassets */; };
		4977780223A14C5800F683B2 /* LaunchScreen.storyboard in Resources */ = {isa = PBXBuildFile; fileRef = 4977780023A14C5800F683B2 /* LaunchScreen.storyboard */; };
		49AEDCAA23A41CC7007336B6 /* question.csv in Resources */ = {isa = PBXBuildFile; fileRef = 49AEDCA723A41B4E007336B6 /* question.csv */; };
		49AEDCAC23A53962007336B6 /* QuestionDataManager.swift in Sources */ = {isa = PBXBuildFile; fileRef = 49AEDCAB23A53962007336B6 /* QuestionDataManager.swift */; };
		49AEDCB023A56C85007336B6 /* StartViewController.swift in Sources */ = {isa = PBXBuildFile; fileRef = 49AEDCAF23A56C85007336B6 /* StartViewController.swift */; };
/* End PBXBuildFile section */

/* Begin PBXFileReference section */
		493B36A823AAA2AC00895FCE /* QuestionViewController.swift */ = {isa = PBXFileReference; lastKnownFileType = sourcecode.swift; path = QuestionViewController.swift; sourceTree = "<group>"; };
		493B36AB23AAA65E00895FCE /* SoundAnalysis.framework */ = {isa = PBXFileReference; lastKnownFileType = wrapper.framework; name = SoundAnalysis.framework; path = System/Library/Frameworks/SoundAnalysis.framework; sourceTree = SDKROOT; };
		497777F223A14C5600F683B2 /* MyQuiz.app */ = {isa = PBXFileReference; explicitFileType = wrapper.application; includeInIndex = 0; path = MyQuiz.app; sourceTree = BUILT_PRODUCTS_DIR; };
		497777F523A14C5600F683B2 /* AppDelegate.swift */ = {isa = PBXFileReference; lastKnownFileType = sourcecode.swift; path = AppDelegate.swift; sourceTree = "<group>"; };
		497777F723A14C5600F683B2 /* SceneDelegate.swift */ = {isa = PBXFileReference; lastKnownFileType = sourcecode.swift; path = SceneDelegate.swift; sourceTree = "<group>"; };
		497777F923A14C5600F683B2 /* ViewController.swift */ = {isa = PBXFileReference; lastKnownFileType = sourcecode.swift; path = ViewController.swift; sourceTree = "<group>"; };
		497777FC23A14C5600F683B2 /* Base */ = {isa = PBXFileReference; lastKnownFileType = file.storyboard; name = Base; path = Base.lproj/Main.storyboard; sourceTree = "<group>"; };
		497777FE23A14C5800F683B2 /* Assets.xcassets */ = {isa = PBXFileReference; lastKnownFileType = folder.assetcatalog; path = Assets.xcassets; sourceTree = "<group>"; };
		4977780123A14C5800F683B2 /* Base */ = {isa = PBXFileReference; lastKnownFileType = file.storyboard; name = Base; path = Base.lproj/LaunchScreen.storyboard; sourceTree = "<group>"; };
		4977780323A14C5800F683B2 /* Info.plist */ = {isa = PBXFileReference; lastKnownFileType = text.plist.xml; path = Info.plist; sourceTree = "<group>"; };
		49AEDCA723A41B4E007336B6 /* question.csv */ = {isa = PBXFileReference; lastKnownFileType = text; path = question.csv; sourceTree = SOURCE_ROOT; };
		49AEDCAB23A53962007336B6 /* QuestionDataManager.swift */ = {isa = PBXFileReference; lastKnownFileType = sourcecode.swift; path = QuestionDataManager.swift; sourceTree = "<group>"; };
		49AEDCAF23A56C85007336B6 /* StartViewController.swift */ = {isa = PBXFileReference; lastKnownFileType = sourcecode.swift; path = StartViewController.swift; sourceTree = "<group>"; };
/* End PBXFileReference section */

/* Begin PBXFrameworksBuildPhase section */
		497777EF23A14C5600F683B2 /* Frameworks */ = {
			isa = PBXFrameworksBuildPhase;
			buildActionMask = 2147483647;
			files = (
				493B36AC23AAA65E00895FCE /* SoundAnalysis.framework in Frameworks */,
			);
			runOnlyForDeploymentPostprocessing = 0;
		};
/* End PBXFrameworksBuildPhase section */

/* Begin PBXGroup section */
		493B36AA23AAA65E00895FCE /* Frameworks */ = {
			isa = PBXGroup;
			children = (
				493B36AB23AAA65E00895FCE /* SoundAnalysis.framework */,
			);
			name = Frameworks;
			sourceTree = "<group>";
		};
		497777E923A14C5500F683B2 = {
			isa = PBXGroup;
			children = (
				497777F423A14C5600F683B2 /* MyQuiz */,
				497777F323A14C5600F683B2 /* Products */,
				493B36AA23AAA65E00895FCE /* Frameworks */,
			);
			sourceTree = "<group>";
		};
		497777F323A14C5600F683B2 /* Products */ = {
			isa = PBXGroup;
			children = (
				497777F223A14C5600F683B2 /* MyQuiz.app */,
			);
			name = Products;
			sourceTree = "<group>";
		};
		497777F423A14C5600F683B2 /* MyQuiz */ = {
			isa = PBXGroup;
			children = (
				497777F523A14C5600F683B2 /* AppDelegate.swift */,
				49AEDCAF23A56C85007336B6 /* StartViewController.swift */,
				497777F723A14C5600F683B2 /* SceneDelegate.swift */,
				497777F923A14C5600F683B2 /* ViewController.swift */,
				49AEDCAB23A53962007336B6 /* QuestionDataManager.swift */,
				497777FB23A14C5600F683B2 /* Main.storyboard */,
				497777FE23A14C5800F683B2 /* Assets.xcassets */,
				4977780023A14C5800F683B2 /* LaunchScreen.storyboard */,
				4977780323A14C5800F683B2 /* Info.plist */,
				49AEDCA723A41B4E007336B6 /* question.csv */,
				493B36A823AAA2AC00895FCE /* QuestionViewController.swift */,
			);
			path = MyQuiz;
			sourceTree = "<group>";
		};
/* End PBXGroup section */

/* Begin PBXNativeTarget section */
		497777F123A14C5600F683B2 /* MyQuiz */ = {
			isa = PBXNativeTarget;
			buildConfigurationList = 4977780623A14C5800F683B2 /* Build configuration list for PBXNativeTarget "MyQuiz" */;
			buildPhases = (
				497777EE23A14C5600F683B2 /* Sources */,
				497777EF23A14C5600F683B2 /* Frameworks */,
				497777F023A14C5600F683B2 /* Resources */,
			);
			buildRules = (
			);
			dependencies = (
			);
			name = MyQuiz;
			productName = MyQuiz;
			productReference = 497777F223A14C5600F683B2 /* MyQuiz.app */;
			productType = "com.apple.product-type.application";
		};
/* End PBXNativeTarget section */

/* Begin PBXProject section */
		497777EA23A14C5500F683B2 /* Project object */ = {
			isa = PBXProject;
			attributes = {
				LastSwiftUpdateCheck = 1120;
				LastUpgradeCheck = 1120;
				ORGANIZATIONNAME = dev.harapeko;
				TargetAttributes = {
					497777F123A14C5600F683B2 = {
						CreatedOnToolsVersion = 11.2.1;
					};
				};
			};
			buildConfigurationList = 497777ED23A14C5500F683B2 /* Build configuration list for PBXProject "MyQuiz" */;
			compatibilityVersion = "Xcode 9.3";
			developmentRegion = en;
			hasScannedForEncodings = 0;
			knownRegions = (
				en,
				Base,
			);
			mainGroup = 497777E923A14C5500F683B2;
			productRefGroup = 497777F323A14C5600F683B2 /* Products */;
			projectDirPath = "";
			projectRoot = "";
			targets = (
				497777F123A14C5600F683B2 /* MyQuiz */,
			);
		};
/* End PBXProject section */

/* Begin PBXResourcesBuildPhase section */
		497777F023A14C5600F683B2 /* Resources */ = {
			isa = PBXResourcesBuildPhase;
			buildActionMask = 2147483647;
			files = (
				4977780223A14C5800F683B2 /* LaunchScreen.storyboard in Resources */,
				497777FF23A14C5800F683B2 /* Assets.xcassets in Resources */,
				49AEDCAA23A41CC7007336B6 /* question.csv in Resources */,
				497777FD23A14C5600F683B2 /* Main.storyboard in Resources */,
			);
			runOnlyForDeploymentPostprocessing = 0;
		};
/* End PBXResourcesBuildPhase section */

/* Begin PBXSourcesBuildPhase section */
		497777EE23A14C5600F683B2 /* Sources */ = {
			isa = PBXSourcesBuildPhase;
			buildActionMask = 2147483647;
			files = (
				49AEDCB023A56C85007336B6 /* StartViewController.swift in Sources */,
				497777FA23A14C5600F683B2 /* ViewController.swift in Sources */,
				493B36A923AAA2AC00895FCE /* QuestionViewController.swift in Sources */,
				49AEDCAC23A53962007336B6 /* QuestionDataManager.swift in Sources */,
				497777F623A14C5600F683B2 /* AppDelegate.swift in Sources */,
				497777F823A14C5600F683B2 /* SceneDelegate.swift in Sources */,
			);
			runOnlyForDeploymentPostprocessing = 0;
		};
/* End PBXSourcesBuildPhase section */

/* Begin PBXVariantGroup section */
		497777FB23A14C5600F683B2 /* Main.storyboard */ = {
			isa = PBXVariantGroup;
			children = (
				497777FC23A14C5600F683B2 /* Base */,
			);
			name = Main.storyboard;
			sourceTree = "<group>";
		};
		4977780023A14C5800F683B2 /* LaunchScreen.storyboard */ = {
			isa = PBXVariantGroup;
			children = (
				4977780123A14C5800F683B2 /* Base */,
			);
			name = LaunchScreen.storyboard;
			sourceTree = "<group>";
		};
/* End PBXVariantGroup section */

/* Begin XCBuildConfiguration section */
		4977780423A14C5800F683B2 /* Debug */ = {
			isa = XCBuildConfiguration;
			buildSettings = {
				ALWAYS_SEARCH_USER_PATHS = NO;
				CLANG_ANALYZER_NONNULL = YES;
				CLANG_ANALYZER_NUMBER_OBJECT_CONVERSION = YES_AGGRESSIVE;
				CLANG_CXX_LANGUAGE_STANDARD = "gnu++14";
				CLANG_CXX_LIBRARY = "libc++";
				CLANG_ENABLE_MODULES = YES;
				CLANG_ENABLE_OBJC_ARC = YES;
				CLANG_ENABLE_OBJC_WEAK = YES;
				CLANG_WARN_BLOCK_CAPTURE_AUTORELEASING = YES;
				CLANG_WARN_BOOL_CONVERSION = YES;
				CLANG_WARN_COMMA = YES;
				CLANG_WARN_CONSTANT_CONVERSION = YES;
				CLANG_WARN_DEPRECATED_OBJC_IMPLEMENTATIONS = YES;
				CLANG_WARN_DIRECT_OBJC_ISA_USAGE = YES_ERROR;
				CLANG_WARN_DOCUMENTATION_COMMENTS = YES;
				CLANG_WARN_EMPTY_BODY = YES;
				CLANG_WARN_ENUM_CONVERSION = YES;
				CLANG_WARN_INFINITE_RECURSION = YES;
				CLANG_WARN_INT_CONVERSION = YES;
				CLANG_WARN_NON_LITERAL_NULL_CONVERSION = YES;
				CLANG_WARN_OBJC_IMPLICIT_RETAIN_SELF = YES;
				CLANG_WARN_OBJC_LITERAL_CONVERSION = YES;
				CLANG_WARN_OBJC_ROOT_CLASS = YES_ERROR;
				CLANG_WARN_RANGE_LOOP_ANALYSIS = YES;
				CLANG_WARN_STRICT_PROTOTYPES = YES;
				CLANG_WARN_SUSPICIOUS_MOVE = YES;
				CLANG_WARN_UNGUARDED_AVAILABILITY = YES_AGGRESSIVE;
				CLANG_WARN_UNREACHABLE_CODE = YES;
				CLANG_WARN__DUPLICATE_METHOD_MATCH = YES;
				COPY_PHASE_STRIP = NO;
				DEBUG_INFORMATION_FORMAT = dwarf;
				ENABLE_STRICT_OBJC_MSGSEND = YES;
				ENABLE_TESTABILITY = YES;
				GCC_C_LANGUAGE_STANDARD = gnu11;
				GCC_DYNAMIC_NO_PIC = NO;
				GCC_NO_COMMON_BLOCKS = YES;
				GCC_OPTIMIZATION_LEVEL = 0;
				GCC_PREPROCESSOR_DEFINITIONS = (
					"DEBUG=1",
					"$(inherited)",
				);
				GCC_WARN_64_TO_32_BIT_CONVERSION = YES;
				GCC_WARN_ABOUT_RETURN_TYPE = YES_ERROR;
				GCC_WARN_UNDECLARED_SELECTOR = YES;
				GCC_WARN_UNINITIALIZED_AUTOS = YES_AGGRESSIVE;
				GCC_WARN_UNUSED_FUNCTION = YES;
				GCC_WARN_UNUSED_VARIABLE = YES;
				IPHONEOS_DEPLOYMENT_TARGET = 13.2;
				MTL_ENABLE_DEBUG_INFO = INCLUDE_SOURCE;
				MTL_FAST_MATH = YES;
				ONLY_ACTIVE_ARCH = YES;
				SDKROOT = iphoneos;
				SWIFT_ACTIVE_COMPILATION_CONDITIONS = DEBUG;
				SWIFT_OPTIMIZATION_LEVEL = "-Onone";
			};
			name = Debug;
		};
		4977780523A14C5800F683B2 /* Release */ = {
			isa = XCBuildConfiguration;
			buildSettings = {
				ALWAYS_SEARCH_USER_PATHS = NO;
				CLANG_ANALYZER_NONNULL = YES;
				CLANG_ANALYZER_NUMBER_OBJECT_CONVERSION = YES_AGGRESSIVE;
				CLANG_CXX_LANGUAGE_STANDARD = "gnu++14";
				CLANG_CXX_LIBRARY = "libc++";
				CLANG_ENABLE_MODULES = YES;
				CLANG_ENABLE_OBJC_ARC = YES;
				CLANG_ENABLE_OBJC_WEAK = YES;
				CLANG_WARN_BLOCK_CAPTURE_AUTORELEASING = YES;
				CLANG_WARN_BOOL_CONVERSION = YES;
				CLANG_WARN_COMMA = YES;
				CLANG_WARN_CONSTANT_CONVERSION = YES;
				CLANG_WARN_DEPRECATED_OBJC_IMPLEMENTATIONS = YES;
				CLANG_WARN_DIRECT_OBJC_ISA_USAGE = YES_ERROR;
				CLANG_WARN_DOCUMENTATION_COMMENTS = YES;
				CLANG_WARN_EMPTY_BODY = YES;
				CLANG_WARN_ENUM_CONVERSION = YES;
				CLANG_WARN_INFINITE_RECURSION = YES;
				CLANG_WARN_INT_CONVERSION = YES;
				CLANG_WARN_NON_LITERAL_NULL_CONVERSION = YES;
				CLANG_WARN_OBJC_IMPLICIT_RETAIN_SELF = YES;
				CLANG_WARN_OBJC_LITERAL_CONVERSION = YES;
				CLANG_WARN_OBJC_ROOT_CLASS = YES_ERROR;
				CLANG_WARN_RANGE_LOOP_ANALYSIS = YES;
				CLANG_WARN_STRICT_PROTOTYPES = YES;
				CLANG_WARN_SUSPICIOUS_MOVE = YES;
				CLANG_WARN_UNGUARDED_AVAILABILITY = YES_AGGRESSIVE;
				CLANG_WARN_UNREACHABLE_CODE = YES;
				CLANG_WARN__DUPLICATE_METHOD_MATCH = YES;
				COPY_PHASE_STRIP = NO;
				DEBUG_INFORMATION_FORMAT = "dwarf-with-dsym";
				ENABLE_NS_ASSERTIONS = NO;
				ENABLE_STRICT_OBJC_MSGSEND = YES;
				GCC_C_LANGUAGE_STANDARD = gnu11;
				GCC_NO_COMMON_BLOCKS = YES;
				GCC_WARN_64_TO_32_BIT_CONVERSION = YES;
				GCC_WARN_ABOUT_RETURN_TYPE = YES_ERROR;
				GCC_WARN_UNDECLARED_SELECTOR = YES;
				GCC_WARN_UNINITIALIZED_AUTOS = YES_AGGRESSIVE;
				GCC_WARN_UNUSED_FUNCTION = YES;
				GCC_WARN_UNUSED_VARIABLE = YES;
				IPHONEOS_DEPLOYMENT_TARGET = 13.2;
				MTL_ENABLE_DEBUG_INFO = NO;
				MTL_FAST_MATH = YES;
				SDKROOT = iphoneos;
				SWIFT_COMPILATION_MODE = wholemodule;
				SWIFT_OPTIMIZATION_LEVEL = "-O";
				VALIDATE_PRODUCT = YES;
			};
			name = Release;
		};
		4977780723A14C5800F683B2 /* Debug */ = {
			isa = XCBuildConfiguration;
			buildSettings = {
				ASSETCATALOG_COMPILER_APPICON_NAME = AppIcon;
				CODE_SIGN_STYLE = Automatic;
				DEVELOPMENT_TEAM = 6YUAL8Q3Z4;
				INFOPLIST_FILE = MyQuiz/Info.plist;
				LD_RUNPATH_SEARCH_PATHS = (
					"$(inherited)",
					"@executable_path/Frameworks",
				);
				PRODUCT_BUNDLE_IDENTIFIER = dev.harapeko.MyQuiz;
				PRODUCT_NAME = "$(TARGET_NAME)";
				SWIFT_VERSION = 5.0;
				TARGETED_DEVICE_FAMILY = "1,2";
			};
			name = Debug;
		};
		4977780823A14C5800F683B2 /* Release */ = {
			isa = XCBuildConfiguration;
			buildSettings = {
				ASSETCATALOG_COMPILER_APPICON_NAME = AppIcon;
				CODE_SIGN_STYLE = Automatic;
				DEVELOPMENT_TEAM = 6YUAL8Q3Z4;
				INFOPLIST_FILE = MyQuiz/Info.plist;
				LD_RUNPATH_SEARCH_PATHS = (
					"$(inherited)",
					"@executable_path/Frameworks",
				);
				PRODUCT_BUNDLE_IDENTIFIER = dev.harapeko.MyQuiz;
				PRODUCT_NAME = "$(TARGET_NAME)";
				SWIFT_VERSION = 5.0;
				TARGETED_DEVICE_FAMILY = "1,2";
			};
			name = Release;
		};
/* End XCBuildConfiguration section */

/* Begin XCConfigurationList section */
		497777ED23A14C5500F683B2 /* Build configuration list for PBXProject "MyQuiz" */ = {
			isa = XCConfigurationList;
			buildConfigurations = (
				4977780423A14C5800F683B2 /* Debug */,
				4977780523A14C5800F683B2 /* Release */,
			);
			defaultConfigurationIsVisible = 0;
			defaultConfigurationName = Release;
		};
		4977780623A14C5800F683B2 /* Build configuration list for PBXNativeTarget "MyQuiz" */ = {
			isa = XCConfigurationList;
			buildConfigurations = (
				4977780723A14C5800F683B2 /* Debug */,
				4977780823A14C5800F683B2 /* Release */,
			);
			defaultConfigurationIsVisible = 0;
			defaultConfigurationName = Release;
		};
/* End XCConfigurationList section */
	};
	rootObject = 497777EA23A14C5500F683B2 /* Project object */;
}
