// !$*UTF8*$!
{
	archiveVersion = 1;
	classes = {
	};
	objectVersion = 46;
	objects = {

/* Begin PBXBuildFile section */
		6CA7F1AF710C62A8C78F3018 /* LaunchScreen.storyboard in Resources */ = {isa = PBXBuildFile; fileRef = 6CA7F8AE1E77192B06EA7F1E /* LaunchScreen.storyboard */; };
		6CA7F5A5890C6B9347E0C6A5 /* SceneDelegate.swift in Sources */ = {isa = PBXBuildFile; fileRef = 6CA7F07FB1B23E84F7D44B2A /* SceneDelegate.swift */; };
		6CA7F5CA582CBC0D36901ACB /* Main.storyboard in Resources */ = {isa = PBXBuildFile; fileRef = 6CA7F38ACE7C37A4CBDFF069 /* Main.storyboard */; };
		6CA7F5F2BB57BA6D85588A6B /* AppDelegate.swift in Sources */ = {isa = PBXBuildFile; fileRef = 6CA7F618492EDD15356299C7 /* AppDelegate.swift */; };
		6CA7FADA8A9B1F13D2DBE838 /* ViewController.swift in Sources */ = {isa = PBXBuildFile; fileRef = 6CA7F8BB423165296E8B7B90 /* ViewController.swift */; };
		6CA7FD2805352CD37878C86B /* Assets.xcassets in Resources */ = {isa = PBXBuildFile; fileRef = 6CA7F42B8B234CE993610814 /* Assets.xcassets */; };
/* End PBXBuildFile section */

/* Begin PBXFileReference section */
		6CA7F07FB1B23E84F7D44B2A /* SceneDelegate.swift */ = {isa = PBXFileReference; lastKnownFileType = sourcecode.swift; path = SceneDelegate.swift; sourceTree = "<group>"; };
		6CA7F2D517E4B0FAC6D53B6D /* Base */ = {isa = PBXFileReference; lastKnownFileType = file.storyboard; name = Base; path = Base.lproj/LaunchScreen.storyboard; sourceTree = "<group>"; };
		6CA7F411FFE17E4A134619C5 /* Base */ = {isa = PBXFileReference; lastKnownFileType = file.storyboard; name = Base; path = Base.lproj/Main.storyboard; sourceTree = "<group>"; };
		6CA7F42AA85DD5CD0398F211 /* Info.plist */ = {isa = PBXFileReference; lastKnownFileType = text.plist.info; path = Info.plist; sourceTree = "<group>"; };
		6CA7F42B8B234CE993610814 /* Assets.xcassets */ = {isa = PBXFileReference; lastKnownFileType = folder.assetcatalog; path = Assets.xcassets; sourceTree = "<group>"; };
		6CA7F618492EDD15356299C7 /* AppDelegate.swift */ = {isa = PBXFileReference; lastKnownFileType = sourcecode.swift; path = AppDelegate.swift; sourceTree = "<group>"; };
		6CA7F8BB423165296E8B7B90 /* ViewController.swift */ = {isa = PBXFileReference; lastKnownFileType = sourcecode.swift; path = ViewController.swift; sourceTree = "<group>"; };
		6CA7FDDC11766F7B3E1C7907 /* SampleDataStorage.app */ = {isa = PBXFileReference; explicitFileType = wrapper.application; includeInIndex = 0; path = SampleDataStorage.app; sourceTree = BUILT_PRODUCTS_DIR; };
/* End PBXFileReference section */

/* Begin PBXFrameworksBuildPhase section */
		6CA7F59BF6FABE27A775DD69 /* Frameworks */ = {
			isa = PBXFrameworksBuildPhase;
			buildActionMask = 2147483647;
			files = (
			);
			runOnlyForDeploymentPostprocessing = 0;
		};
/* End PBXFrameworksBuildPhase section */

/* Begin PBXGroup section */
		6CA7FAFB8C5C49D5935CD269 = {
			isa = PBXGroup;
			children = (
				6CA7FC8BF3A567FA5244A0D3 /* Products */,
				6CA7FF0836D7E7E0AB5C347A /* SampleDataStorage */,
			);
			sourceTree = "<group>";
		};
		6CA7FC8BF3A567FA5244A0D3 /* Products */ = {
			isa = PBXGroup;
			children = (
				6CA7FDDC11766F7B3E1C7907 /* SampleDataStorage.app */,
			);
			name = Products;
			sourceTree = "<group>";
		};
		6CA7FF0836D7E7E0AB5C347A /* SampleDataStorage */ = {
			isa = PBXGroup;
			children = (
				6CA7F42AA85DD5CD0398F211 /* Info.plist */,
				6CA7F42B8B234CE993610814 /* Assets.xcassets */,
				6CA7F8AE1E77192B06EA7F1E /* LaunchScreen.storyboard */,
				6CA7F618492EDD15356299C7 /* AppDelegate.swift */,
				6CA7F07FB1B23E84F7D44B2A /* SceneDelegate.swift */,
				6CA7F8BB423165296E8B7B90 /* ViewController.swift */,
				6CA7F38ACE7C37A4CBDFF069 /* Main.storyboard */,
			);
			path = SampleDataStorage;
			sourceTree = "<group>";
		};
/* End PBXGroup section */

/* Begin PBXNativeTarget section */
		6CA7F0E7D2D75572F25E02CD /* SampleDataStorage */ = {
			isa = PBXNativeTarget;
			buildConfigurationList = 6CA7F0974E7506971B0A6307 /* Build configuration list for PBXNativeTarget "SampleDataStorage" */;
			buildPhases = (
				6CA7FBECD204A82DF1412760 /* Sources */,
				6CA7F59BF6FABE27A775DD69 /* Frameworks */,
				6CA7FBF261DBB20D932DAFEB /* Resources */,
			);
			buildRules = (
			);
			dependencies = (
			);
			name = SampleDataStorage;
			productName = SampleDataStorage;
			productReference = 6CA7FDDC11766F7B3E1C7907 /* SampleDataStorage.app */;
			productType = "com.apple.product-type.application";
		};
/* End PBXNativeTarget section */

/* Begin PBXProject section */
		6CA7F2716E4164D1604CD0F9 /* Project object */ = {
			isa = PBXProject;
			attributes = {
				ORGANIZATIONNAME = dev.harapeko;
			};
			buildConfigurationList = 6CA7F7B373E5A28A1EC5E213 /* Build configuration list for PBXProject "SampleDataStorage" */;
			compatibilityVersion = "Xcode 3.2";
			developmentRegion = English;
			hasScannedForEncodings = 0;
			knownRegions = (
				English,
				en,
				Base,
			);
			mainGroup = 6CA7FAFB8C5C49D5935CD269;
			productRefGroup = 6CA7FC8BF3A567FA5244A0D3 /* Products */;
			projectDirPath = "";
			projectRoot = "";
			targets = (
				6CA7F0E7D2D75572F25E02CD /* SampleDataStorage */,
			);
		};
/* End PBXProject section */

/* Begin PBXResourcesBuildPhase section */
		6CA7FBF261DBB20D932DAFEB /* Resources */ = {
			isa = PBXResourcesBuildPhase;
			buildActionMask = 2147483647;
			files = (
				6CA7FD2805352CD37878C86B /* Assets.xcassets in Resources */,
				6CA7F1AF710C62A8C78F3018 /* LaunchScreen.storyboard in Resources */,
				6CA7F5CA582CBC0D36901ACB /* Main.storyboard in Resources */,
			);
			runOnlyForDeploymentPostprocessing = 0;
		};
/* End PBXResourcesBuildPhase section */

/* Begin PBXSourcesBuildPhase section */
		6CA7FBECD204A82DF1412760 /* Sources */ = {
			isa = PBXSourcesBuildPhase;
			buildActionMask = 2147483647;
			files = (
				6CA7F5F2BB57BA6D85588A6B /* AppDelegate.swift in Sources */,
				6CA7F5A5890C6B9347E0C6A5 /* SceneDelegate.swift in Sources */,
				6CA7FADA8A9B1F13D2DBE838 /* ViewController.swift in Sources */,
			);
			runOnlyForDeploymentPostprocessing = 0;
		};
/* End PBXSourcesBuildPhase section */

/* Begin PBXVariantGroup section */
		6CA7F38ACE7C37A4CBDFF069 /* Main.storyboard */ = {
			isa = PBXVariantGroup;
			children = (
				6CA7F411FFE17E4A134619C5 /* Base */,
			);
			name = Main.storyboard;
			sourceTree = "<group>";
		};
		6CA7F8AE1E77192B06EA7F1E /* LaunchScreen.storyboard */ = {
			isa = PBXVariantGroup;
			children = (
				6CA7F2D517E4B0FAC6D53B6D /* Base */,
			);
			name = LaunchScreen.storyboard;
			sourceTree = "<group>";
		};
/* End PBXVariantGroup section */

/* Begin XCBuildConfiguration section */
		6CA7F12B33846537A54E249C /* Release */ = {
			isa = XCBuildConfiguration;
			buildSettings = {
				ASSETCATALOG_COMPILER_APPICON_NAME = AppIcon;
				INFOPLIST_FILE = SampleDataStorage/Info.plist;
				LD_RUNPATH_SEARCH_PATHS = "$(inherited) @executable_path/Frameworks";
				PRODUCT_BUNDLE_IDENTIFIER = dev.harapeko.SampleDataStorage;
				PRODUCT_NAME = "$(TARGET_NAME)";
				SWIFT_VERSION = 5.0;
				TARGETED_DEVICE_FAMILY = "1,2";
			};
			name = Release;
		};
		6CA7F1FF42234A47AD6F6AB6 /* Debug */ = {
			isa = XCBuildConfiguration;
			buildSettings = {
				ALWAYS_SEARCH_USER_PATHS = NO;
				CLANG_ANALYZER_NONNULL = YES;
				CLANG_ANALYZER_NUMBER_OBJECT_CONVERSION = YES_AGGRESSIVE;
				CLANG_CXX_LANGUAGE_STANDARD = "gnu++14";
				CLANG_CXX_LIBRARY = "libc++";
				CLANG_ENABLE_MODULES = YES;
				CLANG_ENABLE_OBJC_ARC = YES;
				CLANG_ENABLE_OBJC_WEAK = YES;
				CLANG_WARN_BLOCK_CAPTURE_AUTORELEASING = YES;
				CLANG_WARN_BOOL_CONVERSION = YES;
				CLANG_WARN_COMMA = YES;
				CLANG_WARN_CONSTANT_CONVERSION = YES;
				CLANG_WARN_DEPRECATED_OBJC_IMPLEMENTATIONS = YES;
				CLANG_WARN_DIRECT_OBJC_ISA_USAGE = YES_ERROR;
				CLANG_WARN_DOCUMENTATION_COMMENTS = YES;
				CLANG_WARN_EMPTY_BODY = YES;
				CLANG_WARN_ENUM_CONVERSION = YES;
				CLANG_WARN_INFINITE_RECURSION = YES;
				CLANG_WARN_INT_CONVERSION = YES;
				CLANG_WARN_NON_LITERAL_NULL_CONVERSION = YES;
				CLANG_WARN_OBJC_IMPLICIT_RETAIN_SELF = YES;
				CLANG_WARN_OBJC_LITERAL_CONVERSION = YES;
				CLANG_WARN_OBJC_ROOT_CLASS = YES_ERROR;
				CLANG_WARN_RANGE_LOOP_ANALYSIS = YES;
				CLANG_WARN_STRICT_PROTOTYPES = YES;
				CLANG_WARN_SUSPICIOUS_MOVE = YES;
				CLANG_WARN_UNGUARDED_AVAILABILITY = YES_AGGRESSIVE;
				CLANG_WARN_UNREACHABLE_CODE = YES;
				CLANG_WARN__DUPLICATE_METHOD_MATCH = YES;
				COPY_PHASE_STRIP = NO;
				DEBUG_INFORMATION_FORMAT = dwarf;
				ENABLE_STRICT_OBJC_MSGSEND = YES;
				ENABLE_TESTABILITY = YES;
				GCC_C_LANGUAGE_STANDARD = gnu11;
				GCC_DYNAMIC_NO_PIC = NO;
				GCC_NO_COMMON_BLOCKS = YES;
				GCC_OPTIMIZATION_LEVEL = 0;
				GCC_PREPROCESSOR_DEFINITIONS = (
					"DEBUG=1",
					"$(inherited)",
				);
				GCC_WARN_64_TO_32_BIT_CONVERSION = YES;
				GCC_WARN_ABOUT_RETURN_TYPE = YES_ERROR;
				GCC_WARN_UNDECLARED_SELECTOR = YES;
				GCC_WARN_UNINITIALIZED_AUTOS = YES_AGGRESSIVE;
				GCC_WARN_UNUSED_FUNCTION = YES;
				GCC_WARN_UNUSED_VARIABLE = YES;
				IPHONEOS_DEPLOYMENT_TARGET = 13.2;
				MTL_ENABLE_DEBUG_INFO = INCLUDE_SOURCE;
				MTL_FAST_MATH = YES;
				ONLY_ACTIVE_ARCH = YES;
				SDKROOT = iphoneos;
				SWIFT_ACTIVE_COMPILATION_CONDITIONS = DEBUG;
				SWIFT_OPTIMIZATION_LEVEL = "-Onone";
			};
			name = Debug;
		};
		6CA7F3E66CEAECB981D20B58 /* Release */ = {
			isa = XCBuildConfiguration;
			buildSettings = {
				ALWAYS_SEARCH_USER_PATHS = NO;
				CLANG_ANALYZER_NONNULL = YES;
				CLANG_ANALYZER_NUMBER_OBJECT_CONVERSION = YES_AGGRESSIVE;
				CLANG_CXX_LANGUAGE_STANDARD = "gnu++14";
				CLANG_CXX_LIBRARY = "libc++";
				CLANG_ENABLE_MODULES = YES;
				CLANG_ENABLE_OBJC_ARC = YES;
				CLANG_ENABLE_OBJC_WEAK = YES;
				CLANG_WARN_BLOCK_CAPTURE_AUTORELEASING = YES;
				CLANG_WARN_BOOL_CONVERSION = YES;
				CLANG_WARN_COMMA = YES;
				CLANG_WARN_CONSTANT_CONVERSION = YES;
				CLANG_WARN_DEPRECATED_OBJC_IMPLEMENTATIONS = YES;
				CLANG_WARN_DIRECT_OBJC_ISA_USAGE = YES_ERROR;
				CLANG_WARN_DOCUMENTATION_COMMENTS = YES;
				CLANG_WARN_EMPTY_BODY = YES;
				CLANG_WARN_ENUM_CONVERSION = YES;
				CLANG_WARN_INFINITE_RECURSION = YES;
				CLANG_WARN_INT_CONVERSION = YES;
				CLANG_WARN_NON_LITERAL_NULL_CONVERSION = YES;
				CLANG_WARN_OBJC_IMPLICIT_RETAIN_SELF = YES;
				CLANG_WARN_OBJC_LITERAL_CONVERSION = YES;
				CLANG_WARN_OBJC_ROOT_CLASS = YES_ERROR;
				CLANG_WARN_RANGE_LOOP_ANALYSIS = YES;
				CLANG_WARN_STRICT_PROTOTYPES = YES;
				CLANG_WARN_SUSPICIOUS_MOVE = YES;
				CLANG_WARN_UNGUARDED_AVAILABILITY = YES_AGGRESSIVE;
				CLANG_WARN_UNREACHABLE_CODE = YES;
				CLANG_WARN__DUPLICATE_METHOD_MATCH = YES;
				COPY_PHASE_STRIP = NO;
				DEBUG_INFORMATION_FORMAT = "dwarf-with-dsym";
				ENABLE_NS_ASSERTIONS = NO;
				ENABLE_STRICT_OBJC_MSGSEND = YES;
				GCC_C_LANGUAGE_STANDARD = gnu11;
				GCC_NO_COMMON_BLOCKS = YES;
				GCC_WARN_64_TO_32_BIT_CONVERSION = YES;
				GCC_WARN_ABOUT_RETURN_TYPE = YES_ERROR;
				GCC_WARN_UNDECLARED_SELECTOR = YES;
				GCC_WARN_UNINITIALIZED_AUTOS = YES_AGGRESSIVE;
				GCC_WARN_UNUSED_FUNCTION = YES;
				GCC_WARN_UNUSED_VARIABLE = YES;
				IPHONEOS_DEPLOYMENT_TARGET = 13.2;
				MTL_ENABLE_DEBUG_INFO = NO;
				MTL_FAST_MATH = YES;
				SDKROOT = iphoneos;
				SWIFT_OPTIMIZATION_LEVEL = "-Owholemodule";
				VALIDATE_PRODUCT = YES;
			};
			name = Release;
		};
		6CA7FE0EFAB75EA4465B4411 /* Debug */ = {
			isa = XCBuildConfiguration;
			buildSettings = {
				ASSETCATALOG_COMPILER_APPICON_NAME = AppIcon;
				INFOPLIST_FILE = SampleDataStorage/Info.plist;
				LD_RUNPATH_SEARCH_PATHS = "$(inherited) @executable_path/Frameworks";
				PRODUCT_BUNDLE_IDENTIFIER = dev.harapeko.SampleDataStorage;
				PRODUCT_NAME = "$(TARGET_NAME)";
				SWIFT_VERSION = 5.0;
				TARGETED_DEVICE_FAMILY = "1,2";
			};
			name = Debug;
		};
/* End XCBuildConfiguration section */

/* Begin XCConfigurationList section */
		6CA7F0974E7506971B0A6307 /* Build configuration list for PBXNativeTarget "SampleDataStorage" */ = {
			isa = XCConfigurationList;
			buildConfigurations = (
				6CA7FE0EFAB75EA4465B4411 /* Debug */,
				6CA7F12B33846537A54E249C /* Release */,
			);
			defaultConfigurationIsVisible = 0;
			defaultConfigurationName = Release;
		};
		6CA7F7B373E5A28A1EC5E213 /* Build configuration list for PBXProject "SampleDataStorage" */ = {
			isa = XCConfigurationList;
			buildConfigurations = (
				6CA7F1FF42234A47AD6F6AB6 /* Debug */,
				6CA7F3E66CEAECB981D20B58 /* Release */,
			);
			defaultConfigurationIsVisible = 0;
			defaultConfigurationName = Release;
		};
/* End XCConfigurationList section */
	};
	rootObject = 6CA7F2716E4164D1604CD0F9 /* Project object */;
}
