// !$*UTF8*$!
{
	archiveVersion = 1;
	classes = {
	};
	objectVersion = 46;
	objects = {

/* Begin PBXBuildFile section */
		6CA7F18DFE4A52BD528164F5 /* AppDelegate.swift in Sources */ = {isa = PBXBuildFile; fileRef = 6CA7FF21C41CA8E983479CCC /* AppDelegate.swift */; };
		6CA7F36E317A9EF7B32D8939 /* Main.storyboard in Resources */ = {isa = PBXBuildFile; fileRef = 6CA7F8E7A69912E332AB3C29 /* Main.storyboard */; };
		6CA7F3D9F69144A94F4AC0EB /* ViewController.swift in Sources */ = {isa = PBXBuildFile; fileRef = 6CA7FAD7D532E866EED53EE1 /* ViewController.swift */; };
		6CA7F3EF0D389CA762922725 /* SceneDelegate.swift in Sources */ = {isa = PBXBuildFile; fileRef = 6CA7F5943D84D6CB89B824EA /* SceneDelegate.swift */; };
		6CA7F6AAD47FDEB581CEE1B2 /* Assets.xcassets in Resources */ = {isa = PBXBuildFile; fileRef = 6CA7F05EE014CE8D520A5F86 /* Assets.xcassets */; };
		6CA7FD84CAFFC39D6F26FE82 /* LaunchScreen.storyboard in Resources */ = {isa = PBXBuildFile; fileRef = 6CA7FFB2E0437759E4BD4AE2 /* LaunchScreen.storyboard */; };
/* End PBXBuildFile section */

/* Begin PBXFileReference section */
		6CA7F05EE014CE8D520A5F86 /* Assets.xcassets */ = {isa = PBXFileReference; lastKnownFileType = folder.assetcatalog; path = Assets.xcassets; sourceTree = "<group>"; };
		6CA7F0B895B16F9C3A6BF951 /* Base */ = {isa = PBXFileReference; lastKnownFileType = file.storyboard; name = Base; path = Base.lproj/LaunchScreen.storyboard; sourceTree = "<group>"; };
		6CA7F2A4F28C891881E9135B /* Info.plist */ = {isa = PBXFileReference; lastKnownFileType = text.plist.info; path = Info.plist; sourceTree = "<group>"; };
		6CA7F4A8EB9D29490C03B544 /* Base */ = {isa = PBXFileReference; lastKnownFileType = file.storyboard; name = Base; path = Base.lproj/Main.storyboard; sourceTree = "<group>"; };
		6CA7F5943D84D6CB89B824EA /* SceneDelegate.swift */ = {isa = PBXFileReference; lastKnownFileType = sourcecode.swift; path = SceneDelegate.swift; sourceTree = "<group>"; };
		6CA7FAA9777248BDD59AFED9 /* MyAutolayout.app */ = {isa = PBXFileReference; explicitFileType = wrapper.application; includeInIndex = 0; path = MyAutolayout.app; sourceTree = BUILT_PRODUCTS_DIR; };
		6CA7FAD7D532E866EED53EE1 /* ViewController.swift */ = {isa = PBXFileReference; lastKnownFileType = sourcecode.swift; path = ViewController.swift; sourceTree = "<group>"; };
		6CA7FF21C41CA8E983479CCC /* AppDelegate.swift */ = {isa = PBXFileReference; lastKnownFileType = sourcecode.swift; path = AppDelegate.swift; sourceTree = "<group>"; };
/* End PBXFileReference section */

/* Begin PBXFrameworksBuildPhase section */
		6CA7FCF41B7D6EA069DB7A7E /* Frameworks */ = {
			isa = PBXFrameworksBuildPhase;
			buildActionMask = 2147483647;
			files = (
			);
			runOnlyForDeploymentPostprocessing = 0;
		};
/* End PBXFrameworksBuildPhase section */

/* Begin PBXGroup section */
		6CA7F4D11B396FF2A94F0090 = {
			isa = PBXGroup;
			children = (
				6CA7F621FE6CE4EDD5FF99F8 /* Products */,
				6CA7FF0E2D9F3A705F0F5F16 /* MyAutolayout */,
			);
			sourceTree = "<group>";
		};
		6CA7F621FE6CE4EDD5FF99F8 /* Products */ = {
			isa = PBXGroup;
			children = (
				6CA7FAA9777248BDD59AFED9 /* MyAutolayout.app */,
			);
			name = Products;
			sourceTree = "<group>";
		};
		6CA7FF0E2D9F3A705F0F5F16 /* MyAutolayout */ = {
			isa = PBXGroup;
			children = (
				6CA7F2A4F28C891881E9135B /* Info.plist */,
				6CA7F05EE014CE8D520A5F86 /* Assets.xcassets */,
				6CA7FFB2E0437759E4BD4AE2 /* LaunchScreen.storyboard */,
				6CA7FF21C41CA8E983479CCC /* AppDelegate.swift */,
				6CA7F5943D84D6CB89B824EA /* SceneDelegate.swift */,
				6CA7FAD7D532E866EED53EE1 /* ViewController.swift */,
				6CA7F8E7A69912E332AB3C29 /* Main.storyboard */,
			);
			path = MyAutolayout;
			sourceTree = "<group>";
		};
/* End PBXGroup section */

/* Begin PBXNativeTarget section */
		6CA7FC40D0EDA7E93A09EF8B /* MyAutolayout */ = {
			isa = PBXNativeTarget;
			buildConfigurationList = 6CA7FB981B142D2BD18E89AE /* Build configuration list for PBXNativeTarget "MyAutolayout" */;
			buildPhases = (
				6CA7F0B832FE489FEF705CC9 /* Sources */,
				6CA7FCF41B7D6EA069DB7A7E /* Frameworks */,
				6CA7F21D188A398839C03230 /* Resources */,
			);
			buildRules = (
			);
			dependencies = (
			);
			name = MyAutolayout;
			productName = MyAutolayout;
			productReference = 6CA7FAA9777248BDD59AFED9 /* MyAutolayout.app */;
			productType = "com.apple.product-type.application";
		};
/* End PBXNativeTarget section */

/* Begin PBXProject section */
		6CA7F620E751DD27CB0BB4CF /* Project object */ = {
			isa = PBXProject;
			attributes = {
				ORGANIZATIONNAME = dev.harapeko;
			};
			buildConfigurationList = 6CA7FB53DE165B63F0AB99D0 /* Build configuration list for PBXProject "MyAutolayout" */;
			compatibilityVersion = "Xcode 3.2";
			developmentRegion = English;
			hasScannedForEncodings = 0;
			knownRegions = (
				English,
				en,
				Base,
			);
			mainGroup = 6CA7F4D11B396FF2A94F0090;
			productRefGroup = 6CA7F621FE6CE4EDD5FF99F8 /* Products */;
			projectDirPath = "";
			projectRoot = "";
			targets = (
				6CA7FC40D0EDA7E93A09EF8B /* MyAutolayout */,
			);
		};
/* End PBXProject section */

/* Begin PBXResourcesBuildPhase section */
		6CA7F21D188A398839C03230 /* Resources */ = {
			isa = PBXResourcesBuildPhase;
			buildActionMask = 2147483647;
			files = (
				6CA7F6AAD47FDEB581CEE1B2 /* Assets.xcassets in Resources */,
				6CA7FD84CAFFC39D6F26FE82 /* LaunchScreen.storyboard in Resources */,
				6CA7F36E317A9EF7B32D8939 /* Main.storyboard in Resources */,
			);
			runOnlyForDeploymentPostprocessing = 0;
		};
/* End PBXResourcesBuildPhase section */

/* Begin PBXSourcesBuildPhase section */
		6CA7F0B832FE489FEF705CC9 /* Sources */ = {
			isa = PBXSourcesBuildPhase;
			buildActionMask = 2147483647;
			files = (
				6CA7F18DFE4A52BD528164F5 /* AppDelegate.swift in Sources */,
				6CA7F3EF0D389CA762922725 /* SceneDelegate.swift in Sources */,
				6CA7F3D9F69144A94F4AC0EB /* ViewController.swift in Sources */,
			);
			runOnlyForDeploymentPostprocessing = 0;
		};
/* End PBXSourcesBuildPhase section */

/* Begin PBXVariantGroup section */
		6CA7F8E7A69912E332AB3C29 /* Main.storyboard */ = {
			isa = PBXVariantGroup;
			children = (
				6CA7F4A8EB9D29490C03B544 /* Base */,
			);
			name = Main.storyboard;
			sourceTree = "<group>";
		};
		6CA7FFB2E0437759E4BD4AE2 /* LaunchScreen.storyboard */ = {
			isa = PBXVariantGroup;
			children = (
				6CA7F0B895B16F9C3A6BF951 /* Base */,
			);
			name = LaunchScreen.storyboard;
			sourceTree = "<group>";
		};
/* End PBXVariantGroup section */

/* Begin XCBuildConfiguration section */
		6CA7F153FEB0C42548C391E3 /* Release */ = {
			isa = XCBuildConfiguration;
			buildSettings = {
				ALWAYS_SEARCH_USER_PATHS = NO;
				CLANG_ANALYZER_NONNULL = YES;
				CLANG_ANALYZER_NUMBER_OBJECT_CONVERSION = YES_AGGRESSIVE;
				CLANG_CXX_LANGUAGE_STANDARD = "gnu++14";
				CLANG_CXX_LIBRARY = "libc++";
				CLANG_ENABLE_MODULES = YES;
				CLANG_ENABLE_OBJC_ARC = YES;
				CLANG_ENABLE_OBJC_WEAK = YES;
				CLANG_WARN_BLOCK_CAPTURE_AUTORELEASING = YES;
				CLANG_WARN_BOOL_CONVERSION = YES;
				CLANG_WARN_COMMA = YES;
				CLANG_WARN_CONSTANT_CONVERSION = YES;
				CLANG_WARN_DEPRECATED_OBJC_IMPLEMENTATIONS = YES;
				CLANG_WARN_DIRECT_OBJC_ISA_USAGE = YES_ERROR;
				CLANG_WARN_DOCUMENTATION_COMMENTS = YES;
				CLANG_WARN_EMPTY_BODY = YES;
				CLANG_WARN_ENUM_CONVERSION = YES;
				CLANG_WARN_INFINITE_RECURSION = YES;
				CLANG_WARN_INT_CONVERSION = YES;
				CLANG_WARN_NON_LITERAL_NULL_CONVERSION = YES;
				CLANG_WARN_OBJC_IMPLICIT_RETAIN_SELF = YES;
				CLANG_WARN_OBJC_LITERAL_CONVERSION = YES;
				CLANG_WARN_OBJC_ROOT_CLASS = YES_ERROR;
				CLANG_WARN_RANGE_LOOP_ANALYSIS = YES;
				CLANG_WARN_STRICT_PROTOTYPES = YES;
				CLANG_WARN_SUSPICIOUS_MOVE = YES;
				CLANG_WARN_UNGUARDED_AVAILABILITY = YES_AGGRESSIVE;
				CLANG_WARN_UNREACHABLE_CODE = YES;
				CLANG_WARN__DUPLICATE_METHOD_MATCH = YES;
				COPY_PHASE_STRIP = NO;
				DEBUG_INFORMATION_FORMAT = "dwarf-with-dsym";
				ENABLE_NS_ASSERTIONS = NO;
				ENABLE_STRICT_OBJC_MSGSEND = YES;
				GCC_C_LANGUAGE_STANDARD = gnu11;
				GCC_NO_COMMON_BLOCKS = YES;
				GCC_WARN_64_TO_32_BIT_CONVERSION = YES;
				GCC_WARN_ABOUT_RETURN_TYPE = YES_ERROR;
				GCC_WARN_UNDECLARED_SELECTOR = YES;
				GCC_WARN_UNINITIALIZED_AUTOS = YES_AGGRESSIVE;
				GCC_WARN_UNUSED_FUNCTION = YES;
				GCC_WARN_UNUSED_VARIABLE = YES;
				IPHONEOS_DEPLOYMENT_TARGET = 13.2;
				MTL_ENABLE_DEBUG_INFO = NO;
				MTL_FAST_MATH = YES;
				SDKROOT = iphoneos;
				SWIFT_OPTIMIZATION_LEVEL = "-Owholemodule";
				VALIDATE_PRODUCT = YES;
			};
			name = Release;
		};
		6CA7F1815D1A9AACAE477B25 /* Debug */ = {
			isa = XCBuildConfiguration;
			buildSettings = {
				ALWAYS_SEARCH_USER_PATHS = NO;
				CLANG_ANALYZER_NONNULL = YES;
				CLANG_ANALYZER_NUMBER_OBJECT_CONVERSION = YES_AGGRESSIVE;
				CLANG_CXX_LANGUAGE_STANDARD = "gnu++14";
				CLANG_CXX_LIBRARY = "libc++";
				CLANG_ENABLE_MODULES = YES;
				CLANG_ENABLE_OBJC_ARC = YES;
				CLANG_ENABLE_OBJC_WEAK = YES;
				CLANG_WARN_BLOCK_CAPTURE_AUTORELEASING = YES;
				CLANG_WARN_BOOL_CONVERSION = YES;
				CLANG_WARN_COMMA = YES;
				CLANG_WARN_CONSTANT_CONVERSION = YES;
				CLANG_WARN_DEPRECATED_OBJC_IMPLEMENTATIONS = YES;
				CLANG_WARN_DIRECT_OBJC_ISA_USAGE = YES_ERROR;
				CLANG_WARN_DOCUMENTATION_COMMENTS = YES;
				CLANG_WARN_EMPTY_BODY = YES;
				CLANG_WARN_ENUM_CONVERSION = YES;
				CLANG_WARN_INFINITE_RECURSION = YES;
				CLANG_WARN_INT_CONVERSION = YES;
				CLANG_WARN_NON_LITERAL_NULL_CONVERSION = YES;
				CLANG_WARN_OBJC_IMPLICIT_RETAIN_SELF = YES;
				CLANG_WARN_OBJC_LITERAL_CONVERSION = YES;
				CLANG_WARN_OBJC_ROOT_CLASS = YES_ERROR;
				CLANG_WARN_RANGE_LOOP_ANALYSIS = YES;
				CLANG_WARN_STRICT_PROTOTYPES = YES;
				CLANG_WARN_SUSPICIOUS_MOVE = YES;
				CLANG_WARN_UNGUARDED_AVAILABILITY = YES_AGGRESSIVE;
				CLANG_WARN_UNREACHABLE_CODE = YES;
				CLANG_WARN__DUPLICATE_METHOD_MATCH = YES;
				COPY_PHASE_STRIP = NO;
				DEBUG_INFORMATION_FORMAT = dwarf;
				ENABLE_STRICT_OBJC_MSGSEND = YES;
				ENABLE_TESTABILITY = YES;
				GCC_C_LANGUAGE_STANDARD = gnu11;
				GCC_DYNAMIC_NO_PIC = NO;
				GCC_NO_COMMON_BLOCKS = YES;
				GCC_OPTIMIZATION_LEVEL = 0;
				GCC_PREPROCESSOR_DEFINITIONS = (
					"DEBUG=1",
					"$(inherited)",
				);
				GCC_WARN_64_TO_32_BIT_CONVERSION = YES;
				GCC_WARN_ABOUT_RETURN_TYPE = YES_ERROR;
				GCC_WARN_UNDECLARED_SELECTOR = YES;
				GCC_WARN_UNINITIALIZED_AUTOS = YES_AGGRESSIVE;
				GCC_WARN_UNUSED_FUNCTION = YES;
				GCC_WARN_UNUSED_VARIABLE = YES;
				IPHONEOS_DEPLOYMENT_TARGET = 13.2;
				MTL_ENABLE_DEBUG_INFO = INCLUDE_SOURCE;
				MTL_FAST_MATH = YES;
				ONLY_ACTIVE_ARCH = YES;
				SDKROOT = iphoneos;
				SWIFT_ACTIVE_COMPILATION_CONDITIONS = DEBUG;
				SWIFT_OPTIMIZATION_LEVEL = "-Onone";
			};
			name = Debug;
		};
		6CA7FEB87A30027598BE7A4F /* Release */ = {
			isa = XCBuildConfiguration;
			buildSettings = {
				ASSETCATALOG_COMPILER_APPICON_NAME = AppIcon;
				INFOPLIST_FILE = MyAutolayout/Info.plist;
				LD_RUNPATH_SEARCH_PATHS = "$(inherited) @executable_path/Frameworks";
				PRODUCT_BUNDLE_IDENTIFIER = dev.harapeko.MyAutolayout;
				PRODUCT_NAME = "$(TARGET_NAME)";
				SWIFT_VERSION = 5.0;
				TARGETED_DEVICE_FAMILY = "1,2";
			};
			name = Release;
		};
		6CA7FFC62A250783A2A1E8A8 /* Debug */ = {
			isa = XCBuildConfiguration;
			buildSettings = {
				ASSETCATALOG_COMPILER_APPICON_NAME = AppIcon;
				INFOPLIST_FILE = MyAutolayout/Info.plist;
				LD_RUNPATH_SEARCH_PATHS = "$(inherited) @executable_path/Frameworks";
				PRODUCT_BUNDLE_IDENTIFIER = dev.harapeko.MyAutolayout;
				PRODUCT_NAME = "$(TARGET_NAME)";
				SWIFT_VERSION = 5.0;
				TARGETED_DEVICE_FAMILY = "1,2";
			};
			name = Debug;
		};
/* End XCBuildConfiguration section */

/* Begin XCConfigurationList section */
		6CA7FB53DE165B63F0AB99D0 /* Build configuration list for PBXProject "MyAutolayout" */ = {
			isa = XCConfigurationList;
			buildConfigurations = (
				6CA7F1815D1A9AACAE477B25 /* Debug */,
				6CA7F153FEB0C42548C391E3 /* Release */,
			);
			defaultConfigurationIsVisible = 0;
			defaultConfigurationName = Release;
		};
		6CA7FB981B142D2BD18E89AE /* Build configuration list for PBXNativeTarget "MyAutolayout" */ = {
			isa = XCConfigurationList;
			buildConfigurations = (
				6CA7FFC62A250783A2A1E8A8 /* Debug */,
				6CA7FEB87A30027598BE7A4F /* Release */,
			);
			defaultConfigurationIsVisible = 0;
			defaultConfigurationName = Release;
		};
/* End XCConfigurationList section */
	};
	rootObject = 6CA7F620E751DD27CB0BB4CF /* Project object */;
}
